
Microsoft Visual Studio Solution File, Format Version 12.00
# Visual Studio Version 17
VisualStudioVersion = 17.5.33516.290
MinimumVisualStudioVersion = 10.0.40219.1
Project("{FAE04EC0-301F-11D3-BF4B-00C04F79EFBC}") = "DrugDatabaseMetro", "DrugDatabaseMetro.csproj", "{120CC15C-8764-4EDB-A8CD-84A1654A775A}"
EndProject
Global
	GlobalSection(SolutionConfigurationPlatforms) = preSolution
		Debug|Any CPU = Debug|Any CPU
		Release|Any CPU = Release|Any CPU
	EndGlobalSection
	GlobalSection(ProjectConfigurationPlatforms) = postSolution
		{120CC15C-8764-4EDB-A8CD-84A1654A775A}.Debug|Any CPU.ActiveCfg = Debug|Any CPU
		{120CC15C-8764-4EDB-A8CD-84A1654A775A}.Debug|Any CPU.Build.0 = Debug|Any CPU
		{120CC15C-8764-4EDB-A8CD-84A1654A775A}.Release|Any CPU.ActiveCfg = Release|Any CPU
		{120CC15C-8764-4EDB-A8CD-84A1654A775A}.Release|Any CPU.Build.0 = Release|Any CPU
	EndGlobalSection
	GlobalSection(SolutionProperties) = preSolution
		HideSolutionNode = FALSE
	EndGlobalSection
	GlobalSection(ExtensibilityGlobals) = postSolution
		SolutionGuid = {A54A3024-361C-40CA-8132-3BC5FE2EBD2A}
	EndGlobalSection
EndGlobal
