
Microsoft Visual Studio Solution File, Format Version 12.00
# Visual Studio Version 17
VisualStudioVersion = 17.4.33213.308
MinimumVisualStudioVersion = 10.0.40219.1
Project("{FAE04EC0-301F-11D3-BF4B-00C04F79EFBC}") = "Drug database", "Drug database.csproj", "{1C6D764B-EB00-44D0-9DCE-148F9CA432FD}"
EndProject
Global
	GlobalSection(SolutionConfigurationPlatforms) = preSolution
		Debug|Any CPU = Debug|Any CPU
		Release|Any CPU = Release|Any CPU
	EndGlobalSection
	GlobalSection(ProjectConfigurationPlatforms) = postSolution
		{1C6D764B-EB00-44D0-9DCE-148F9CA432FD}.Debug|Any CPU.ActiveCfg = Debug|Any CPU
		{1C6D764B-EB00-44D0-9DCE-148F9CA432FD}.Debug|Any CPU.Build.0 = Debug|Any CPU
		{1C6D764B-EB00-44D0-9DCE-148F9CA432FD}.Release|Any CPU.ActiveCfg = Release|Any CPU
		{1C6D764B-EB00-44D0-9DCE-148F9CA432FD}.Release|Any CPU.Build.0 = Release|Any CPU
	EndGlobalSection
	GlobalSection(SolutionProperties) = preSolution
		HideSolutionNode = FALSE
	EndGlobalSection
	GlobalSection(ExtensibilityGlobals) = postSolution
		SolutionGuid = {5CE0DA49-480B-41E8-AD7F-1267756FC8FB}
	EndGlobalSection
EndGlobal
